<?xml version="1.0" encoding="utf-8"?>
<Project ToolsVersion="4.0" xmlns="http://schemas.microsoft.com/developer/msbuild/2003">
  <ItemGroup>
    <Filter Include="Fichiers sources">
      <UniqueIdentifier>{4FC737F1-C7A5-4376-A066-2A32D752A2FF}</UniqueIdentifier>
      <Extensions>cpp;c;cc;cxx;c++;cppm;ixx;def;odl;idl;hpj;bat;asm;asmx</Extensions>
    </Filter>
    <Filter Include="Fichiers d%27en-tête">
      <UniqueIdentifier>{93995380-89BD-4b04-88EB-625FBE52EBFB}</UniqueIdentifier>
      <Extensions>h;hh;hpp;hxx;h++;hm;inl;inc;ipp;xsd</Extensions>
    </Filter>
    <Filter Include="Fichiers de ressources">
      <UniqueIdentifier>{67DA6AB6-F800-4c08-8B7A-83BB121AAD01}</UniqueIdentifier>
      <Extensions>rc;ico;cur;bmp;dlg;rc2;rct;bin;rgs;gif;jpg;jpeg;jpe;resx;tiff;tif;png;wav;mfcribbon-ms</Extensions>
    </Filter>
    <Filter Include="Fichiers sources\Vecteur">
      <UniqueIdentifier>{631fa70e-d6ee-43b9-9286-a3438e51a60d}</UniqueIdentifier>
    </Filter>
    <Filter Include="Fichiers sources\Forme">
      <UniqueIdentifier>{f67d958e-ceb4-4a31-967f-6680892f8c72}</UniqueIdentifier>
    </Filter>
    <Filter Include="Fichiers sources\Exception">
      <UniqueIdentifier>{93be1f42-e45a-40f9-beab-19d1bfa6842a}</UniqueIdentifier>
    </Filter>
    <Filter Include="Fichiers d%27en-tête\Forme">
      <UniqueIdentifier>{9673170f-5214-4c68-8ad1-c821e0d3cdf6}</UniqueIdentifier>
    </Filter>
    <Filter Include="Fichiers d%27en-tête\Exception">
      <UniqueIdentifier>{9c3ca5a2-ed24-4c69-9fda-48b186f33de5}</UniqueIdentifier>
    </Filter>
    <Filter Include="Fichiers d%27en-tête\Vecteur">
      <UniqueIdentifier>{fd58e099-4a45-400c-9152-8b69df8bfae8}</UniqueIdentifier>
    </Filter>
    <Filter Include="Fichiers d%27en-tête\Constante">
      <UniqueIdentifier>{27639b6c-c222-4576-a8b3-8f91cba82b11}</UniqueIdentifier>
    </Filter>
    <Filter Include="Fichiers d%27en-tête\Visiteur">
      <UniqueIdentifier>{ab1c90e5-1a56-4987-afee-43c7959dae46}</UniqueIdentifier>
    </Filter>
    <Filter Include="Fichiers d%27en-tête\ConnexionServeur">
      <UniqueIdentifier>{55d38734-75e0-46db-9b34-3c4084b8a1ab}</UniqueIdentifier>
    </Filter>
    <Filter Include="Fichiers sources\ConnexionServeur">
      <UniqueIdentifier>{f5bd3577-db01-44ee-8834-fca6b5c7128f}</UniqueIdentifier>
    </Filter>
    <Filter Include="Fichiers d%27en-tête\Visiteur\Transformation">
      <UniqueIdentifier>{1c216793-a50a-4d2b-bf7c-ac800654d22d}</UniqueIdentifier>
    </Filter>
    <Filter Include="Fichiers sources\Visiteur">
      <UniqueIdentifier>{9d619a82-12d0-447b-b1d0-7fa2f1dd6b85}</UniqueIdentifier>
    </Filter>
    <Filter Include="Fichiers sources\Visiteur\Transformation">
      <UniqueIdentifier>{27229650-ee20-4279-b839-eb67e8611993}</UniqueIdentifier>
    </Filter>
    <Filter Include="Fichiers d%27en-tête\Visiteur\Sauvegarde">
      <UniqueIdentifier>{28fb53e7-3efd-45f1-afd3-b0e5086f0ff2}</UniqueIdentifier>
    </Filter>
    <Filter Include="Fichiers sources\Visiteur\Sauvegarde">
      <UniqueIdentifier>{a3884beb-bf06-4c22-b037-fd9efc0947b8}</UniqueIdentifier>
    </Filter>
    <Filter Include="Fichiers d%27en-tête\Visiteur\Dessin">
      <UniqueIdentifier>{67b439b1-0be1-4525-8708-65d7a795f435}</UniqueIdentifier>
    </Filter>
    <Filter Include="Fichiers sources\Visiteur\Dessin">
      <UniqueIdentifier>{cc31d6ef-7440-4aa6-8c52-ffc4fb8d33b4}</UniqueIdentifier>
    </Filter>
    <Filter Include="Fichiers d%27en-tête\COR">
      <UniqueIdentifier>{b5d95d94-66ce-43c4-8c4d-365e995a1196}</UniqueIdentifier>
    </Filter>
    <Filter Include="Fichiers sources\COR">
      <UniqueIdentifier>{4579c264-8161-4645-b900-f4dfcfdd4021}</UniqueIdentifier>
    </Filter>
  </ItemGroup>
  <ItemGroup>
    <ClInclude Include="Cercle.h">
      <Filter>Fichiers d%27en-tête\Forme</Filter>
    </ClInclude>
    <ClInclude Include="Forme.h">
      <Filter>Fichiers d%27en-tête\Forme</Filter>
    </ClInclude>
    <ClInclude Include="Polygone.h">
      <Filter>Fichiers d%27en-tête\Forme</Filter>
    </ClInclude>
    <ClInclude Include="Segment.h">
      <Filter>Fichiers d%27en-tête\Forme</Filter>
    </ClInclude>
    <ClInclude Include="Triangle.h">
      <Filter>Fichiers d%27en-tête\Forme</Filter>
    </ClInclude>
    <ClInclude Include="Exception.h">
      <Filter>Fichiers d%27en-tête\Exception</Filter>
    </ClInclude>
    <ClInclude Include="Groupe.h">
      <Filter>Fichiers d%27en-tête\Forme</Filter>
    </ClInclude>
    <ClInclude Include="Vecteur2D.h">
      <Filter>Fichiers d%27en-tête\Vecteur</Filter>
    </ClInclude>
    <ClInclude Include="Constante.h">
      <Filter>Fichiers d%27en-tête\Constante</Filter>
    </ClInclude>
    <ClInclude Include="SocketSingleton.h">
      <Filter>Fichiers d%27en-tête\ConnexionServeur</Filter>
    </ClInclude>
    <ClInclude Include="VisiteurTranslation.h">
      <Filter>Fichiers d%27en-tête\Visiteur\Transformation</Filter>
    </ClInclude>
    <ClInclude Include="VisiteurRotation.h">
      <Filter>Fichiers d%27en-tête\Visiteur\Transformation</Filter>
    </ClInclude>
    <ClInclude Include="VisiteurHomothetie.h">
      <Filter>Fichiers d%27en-tête\Visiteur\Transformation</Filter>
    </ClInclude>
    <ClInclude Include="VisiteurTxt.h">
      <Filter>Fichiers d%27en-tête\Visiteur\Sauvegarde</Filter>
    </ClInclude>
    <ClInclude Include="Visiteur.h">
      <Filter>Fichiers d%27en-tête\Visiteur</Filter>
    </ClInclude>
    <ClInclude Include="VisiteurDessin.h">
      <Filter>Fichiers d%27en-tête\Visiteur\Dessin</Filter>
    </ClInclude>
    <ClInclude Include="Chargement.h">
      <Filter>Fichiers d%27en-tête\COR</Filter>
    </ClInclude>
    <ClInclude Include="ChargementCOR.h">
      <Filter>Fichiers d%27en-tête\COR</Filter>
    </ClInclude>
    <ClInclude Include="ExpertCercle.h">
      <Filter>Fichiers d%27en-tête\COR</Filter>
    </ClInclude>
    <ClInclude Include="ExpertSegment.h">
      <Filter>Fichiers d%27en-tête\COR</Filter>
    </ClInclude>
    <ClInclude Include="ExpertTriangle.h">
      <Filter>Fichiers d%27en-tête\COR</Filter>
    </ClInclude>
    <ClInclude Include="ExpertPolygone.h">
      <Filter>Fichiers d%27en-tête\COR</Filter>
    </ClInclude>
    <ClInclude Include="ExpertGroupe.h">
      <Filter>Fichiers d%27en-tête\COR</Filter>
    </ClInclude>
    <ClInclude Include="COR.h">
      <Filter>Fichiers d%27en-tête\COR</Filter>
    </ClInclude>
  </ItemGroup>
  <ItemGroup>
    <ClCompile Include="main.cpp">
      <Filter>Fichiers sources</Filter>
    </ClCompile>
    <ClCompile Include="Vecteur2D.cpp">
      <Filter>Fichiers sources\Vecteur</Filter>
    </ClCompile>
    <ClCompile Include="Cercle.cpp">
      <Filter>Fichiers sources\Forme</Filter>
    </ClCompile>
    <ClCompile Include="Forme.cpp">
      <Filter>Fichiers sources\Forme</Filter>
    </ClCompile>
    <ClCompile Include="Polygone.cpp">
      <Filter>Fichiers sources\Forme</Filter>
    </ClCompile>
    <ClCompile Include="Segment.cpp">
      <Filter>Fichiers sources\Forme</Filter>
    </ClCompile>
    <ClCompile Include="Triangle.cpp">
      <Filter>Fichiers sources\Forme</Filter>
    </ClCompile>
    <ClCompile Include="Exception.cpp">
      <Filter>Fichiers sources\Exception</Filter>
    </ClCompile>
    <ClCompile Include="Groupe.cpp">
      <Filter>Fichiers sources\Forme</Filter>
    </ClCompile>
    <ClCompile Include="SocketSingleton.cpp">
      <Filter>Fichiers sources\ConnexionServeur</Filter>
    </ClCompile>
    <ClCompile Include="VisiteurRotation.cpp">
      <Filter>Fichiers sources\Visiteur\Transformation</Filter>
    </ClCompile>
    <ClCompile Include="VisiteurTranslation.cpp">
      <Filter>Fichiers sources\Visiteur\Transformation</Filter>
    </ClCompile>
    <ClCompile Include="VisiteurHomothetie.cpp">
      <Filter>Fichiers sources\Visiteur\Transformation</Filter>
    </ClCompile>
    <ClCompile Include="VisiteurTxt.cpp">
      <Filter>Fichiers sources\Visiteur\Sauvegarde</Filter>
    </ClCompile>
    <ClCompile Include="VisiteurDessin.cpp">
      <Filter>Fichiers sources\Visiteur\Dessin</Filter>
    </ClCompile>
    <ClCompile Include="ChargementCOR.cpp">
      <Filter>Fichiers sources\COR</Filter>
    </ClCompile>
    <ClCompile Include="ExpertCercle.cpp">
      <Filter>Fichiers sources\COR</Filter>
    </ClCompile>
    <ClCompile Include="ExpertGroupe.cpp">
      <Filter>Fichiers sources\COR</Filter>
    </ClCompile>
    <ClCompile Include="COR.cpp">
      <Filter>Fichiers sources\COR</Filter>
    </ClCompile>
    <ClCompile Include="ExpertSegment.cpp">
      <Filter>Fichiers sources\COR</Filter>
    </ClCompile>
    <ClCompile Include="ExpertTriangle.cpp">
      <Filter>Fichiers sources\COR</Filter>
    </ClCompile>
    <ClCompile Include="ExpertPolygone.cpp">
      <Filter>Fichiers sources\COR</Filter>
    </ClCompile>
  </ItemGroup>
  <ItemGroup>
    <None Include="ClassDiagram.cd" />
  </ItemGroup>
</Project>